
Microsoft Visual Studio Solution File, Format Version 12.00
# Visual Studio Version 16
VisualStudioVersion = 16.0.31025.194
MinimumVisualStudioVersion = 10.0.40219.1
Project("{9A19103F-16F7-4668-BE54-9A1E7A4F7556}") = "Monitor", "Monitor\Monitor.csproj", "{92C340C8-769A-409A-A596-A104C92BAEBB}"
EndProject
Global
	GlobalSection(SolutionConfigurationPlatforms) = preSolution
		Debug|Any CPU = Debug|Any CPU
		Release|Any CPU = Release|Any CPU
	EndGlobalSection
	GlobalSection(ProjectConfigurationPlatforms) = postSolution
		{92C340C8-769A-409A-A596-A104C92BAEBB}.Debug|Any CPU.ActiveCfg = Debug|Any CPU
		{92C340C8-769A-409A-A596-A104C92BAEBB}.Debug|Any CPU.Build.0 = Debug|Any CPU
		{92C340C8-769A-409A-A596-A104C92BAEBB}.Release|Any CPU.ActiveCfg = Release|Any CPU
		{92C340C8-769A-409A-A596-A104C92BAEBB}.Release|Any CPU.Build.0 = Release|Any CPU
	EndGlobalSection
	GlobalSection(SolutionProperties) = preSolution
		HideSolutionNode = FALSE
	EndGlobalSection
	GlobalSection(ExtensibilityGlobals) = postSolution
		SolutionGuid = {E83AEFDD-11AB-4704-AD07-7FE35E8E5C86}
	EndGlobalSection
EndGlobal
